# This file is generated by running "yarn install" inside your project.
# Manual changes might be lost - proceed with caution!

__metadata:
  version: 8
  cacheKey: 10c0

"@commitlint/config-angular-type-enum@npm:^19.0.0":
  version: 19.0.0
  resolution: "@commitlint/config-angular-type-enum@npm:19.0.0"
  checksum: 10c0/523d22486f6ea8aa0c06b5dd8c60ddf54fbf698fe6134bbd1f5d7fab27ea7ac11e83f2544d6a1b74ff72dd74a5f9fa470d424cb94e9e9f10d539b51147523f04
  languageName: node
  linkType: hard

"design@workspace:.":
  version: 0.0.0-use.local
  resolution: "design@workspace:."
  dependencies:
    "@commitlint/config-angular-type-enum": "npm:^19.0.0"
  languageName: unknown
  linkType: soft
